
Microsoft Visual Studio Solution File, Format Version 12.00
# Visual Studio 15
VisualStudioVersion = 15.0.28307.1401
MinimumVisualStudioVersion = 10.0.40219.1
Project("{FAE04EC0-301F-11D3-BF4B-00C04F79EFBC}") = "ChristmasLib", "ChristmasLib\ChristmasLib.csproj", "{B442EBA3-2809-4462-A846-C8E52A302DB5}"
EndProject
Global
	GlobalSection(SolutionConfigurationPlatforms) = preSolution
		Debug|Any CPU = Debug|Any CPU
		Release|Any CPU = Release|Any CPU
	EndGlobalSection
	GlobalSection(ProjectConfigurationPlatforms) = postSolution
		{B442EBA3-2809-4462-A846-C8E52A302DB5}.Debug|Any CPU.ActiveCfg = Debug|Any CPU
		{B442EBA3-2809-4462-A846-C8E52A302DB5}.Debug|Any CPU.Build.0 = Debug|Any CPU
		{B442EBA3-2809-4462-A846-C8E52A302DB5}.Release|Any CPU.ActiveCfg = Release|Any CPU
		{B442EBA3-2809-4462-A846-C8E52A302DB5}.Release|Any CPU.Build.0 = Release|Any CPU
	EndGlobalSection
	GlobalSection(SolutionProperties) = preSolution
		HideSolutionNode = FALSE
	EndGlobalSection
	GlobalSection(ExtensibilityGlobals) = postSolution
		SolutionGuid = {8DF0DDF7-BB2A-469E-A975-71F60EA2D8C7}
	EndGlobalSection
EndGlobal
